
Microsoft Visual Studio Solution File, Format Version 12.00
# Visual Studio Version 17
VisualStudioVersion = 17.2.32505.173
MinimumVisualStudioVersion = 10.0.40219.1
Project("{FAE04EC0-301F-11D3-BF4B-00C04F79EFBC}") = "adotemvc", "adotemvc\adotemvc.csproj", "{FE7D9497-D597-4D2D-9ED3-264074B6862B}"
EndProject
Global
	GlobalSection(SolutionConfigurationPlatforms) = preSolution
		Debug|Any CPU = Debug|Any CPU
		Release|Any CPU = Release|Any CPU
	EndGlobalSection
	GlobalSection(ProjectConfigurationPlatforms) = postSolution
		{FE7D9497-D597-4D2D-9ED3-264074B6862B}.Debug|Any CPU.ActiveCfg = Debug|Any CPU
		{FE7D9497-D597-4D2D-9ED3-264074B6862B}.Debug|Any CPU.Build.0 = Debug|Any CPU
		{FE7D9497-D597-4D2D-9ED3-264074B6862B}.Release|Any CPU.ActiveCfg = Release|Any CPU
		{FE7D9497-D597-4D2D-9ED3-264074B6862B}.Release|Any CPU.Build.0 = Release|Any CPU
	EndGlobalSection
	GlobalSection(SolutionProperties) = preSolution
		HideSolutionNode = FALSE
	EndGlobalSection
	GlobalSection(ExtensibilityGlobals) = postSolution
		SolutionGuid = {83F6511B-E0BC-4399-9537-234740F28409}
	EndGlobalSection
EndGlobal
