
Microsoft Visual Studio Solution File, Format Version 12.00
# Visual Studio Version 17
VisualStudioVersion = 17.1.32421.90
MinimumVisualStudioVersion = 10.0.40219.1
Project("{FAE04EC0-301F-11D3-BF4B-00C04F79EFBC}") = "Login", "Login.csproj", "{714FF4AD-5660-4FEC-AE5B-853FD244C13D}"
EndProject
Global
	GlobalSection(SolutionConfigurationPlatforms) = preSolution
		Debug|Any CPU = Debug|Any CPU
		Release|Any CPU = Release|Any CPU
	EndGlobalSection
	GlobalSection(ProjectConfigurationPlatforms) = postSolution
		{714FF4AD-5660-4FEC-AE5B-853FD244C13D}.Debug|Any CPU.ActiveCfg = Debug|Any CPU
		{714FF4AD-5660-4FEC-AE5B-853FD244C13D}.Debug|Any CPU.Build.0 = Debug|Any CPU
		{714FF4AD-5660-4FEC-AE5B-853FD244C13D}.Release|Any CPU.ActiveCfg = Release|Any CPU
		{714FF4AD-5660-4FEC-AE5B-853FD244C13D}.Release|Any CPU.Build.0 = Release|Any CPU
	EndGlobalSection
	GlobalSection(SolutionProperties) = preSolution
		HideSolutionNode = FALSE
	EndGlobalSection
	GlobalSection(ExtensibilityGlobals) = postSolution
		SolutionGuid = {B20659C1-6157-414F-A714-7EA206FFB9C0}
	EndGlobalSection
EndGlobal
